hash: 62f408921e4122e66279ef44476b4306c5bb23f648745c9793419dad7c315837
updated: 2017-08-15T12:16:19.410897693+02:00
imports:
- name: github.com/alecthomas/template
  version: a0175ee3bccc567396460bf5acd36800cb10c49c
  subpackages:
  - parse
- name: github.com/alecthomas/units
  version: 2efee857e7cfd4f3d0138cc3cbb1b4966962b93a
- name: github.com/mattn/go-isatty
  version: fc9e8d8ef48496124e79ae0df75490096eccf6fe
- name: github.com/sirupsen/logrus
  version: a3f95b5c423586578a4e099b11a46c2479628cac
- name: github.com/Songmu/prompter
  version: f49666b0047d12850875d771340e1d862d9e7a0c
- name: golang.org/x/crypto
  version: 9477e0b78b9ac3d0b03822fd95422e2fe07627cd
  subpackages:
  - ssh/terminal
- name: golang.org/x/sys
  version: f7928cfef4d09d1b080aa2b6fd3ca9ba1567c733
  subpackages:
  - unix
- name: gopkg.in/alecthomas/kingpin.v2
  version: 871a069a9e0d336e58dee8413d1178d1eec70174
testImports: []
